PODS:
  - Mach-Swift (1.0.2)

DEPENDENCIES:
  - Mach-Swift (from `https://github.com/daisuke-t-jp/Mach-Swift.git`)

EXTERNAL SOURCES:
  Mach-Swift:
    :git: https://github.com/daisuke-t-jp/Mach-Swift.git

CHECKOUT OPTIONS:
  Mach-Swift:
    :commit: 3be9d23bffea523cb95f99559db2c7d5975e6130
    :git: https://github.com/daisuke-t-jp/Mach-Swift.git

SPEC CHECKSUMS:
  Mach-Swift: 66922efc52431fda0162a8177a79929a2f6d38e2

PODFILE CHECKSUM: 2c5aae81e04340fafe5b6362a64d28a2ab86d48c

COCOAPODS: 1.6.1
