// !$*UTF8*$!
{
	archiveVersion = 1;
	classes = {
	};
	objectVersion = 50;
	objects = {

/* Begin PBXBuildFile section */
		0237DC56223F77E200C9811E /* AppDelegate.swift in Sources */ = {isa = PBXBuildFile; fileRef = 0237DC55223F77E200C9811E /* AppDelegate.swift */; };
		0237DC58223F77E200C9811E /* ViewController.swift in Sources */ = {isa = PBXBuildFile; fileRef = 0237DC57223F77E200C9811E /* ViewController.swift */; };
		0237DC5A223F77E300C9811E /* Assets.xcassets in Resources */ = {isa = PBXBuildFile; fileRef = 0237DC59223F77E300C9811E /* Assets.xcassets */; };
		0237DC5D223F77E300C9811E /* Main.storyboard in Resources */ = {isa = PBXBuildFile; fileRef = 0237DC5B223F77E300C9811E /* Main.storyboard */; };
		0237DC69223F77E400C9811E /* SysInfoDemo_macOSTests.swift in Sources */ = {isa = PBXBuildFile; fileRef = 0237DC68223F77E400C9811E /* SysInfoDemo_macOSTests.swift */; };
		E8089EA714BB8303A3B67891 /* Pods_SysInfoDemo_macOS.framework in Frameworks */ = {isa = PBXBuildFile; fileRef = 063DEE25477CCC8613B3EC9B /* Pods_SysInfoDemo_macOS.framework */; };
/* End PBXBuildFile section */

/* Begin PBXContainerItemProxy section */
		0237DC65223F77E400C9811E /* PBXContainerItemProxy */ = {
			isa = PBXContainerItemProxy;
			containerPortal = 0237DC4A223F77E200C9811E /* Project object */;
			proxyType = 1;
			remoteGlobalIDString = 0237DC51223F77E200C9811E;
			remoteInfo = "SysInfoDemo-macOS";
		};
/* End PBXContainerItemProxy section */

/* Begin PBXFileReference section */
		0237DC52223F77E200C9811E /* SysInfoDemo-macOS.app */ = {isa = PBXFileReference; explicitFileType = wrapper.application; includeInIndex = 0; path = "SysInfoDemo-macOS.app"; sourceTree = BUILT_PRODUCTS_DIR; };
		0237DC55223F77E200C9811E /* AppDelegate.swift */ = {isa = PBXFileReference; lastKnownFileType = sourcecode.swift; path = AppDelegate.swift; sourceTree = "<group>"; };
		0237DC57223F77E200C9811E /* ViewController.swift */ = {isa = PBXFileReference; lastKnownFileType = sourcecode.swift; path = ViewController.swift; sourceTree = "<group>"; };
		0237DC59223F77E300C9811E /* Assets.xcassets */ = {isa = PBXFileReference; lastKnownFileType = folder.assetcatalog; path = Assets.xcassets; sourceTree = "<group>"; };
		0237DC5C223F77E300C9811E /* Base */ = {isa = PBXFileReference; lastKnownFileType = file.storyboard; name = Base; path = Base.lproj/Main.storyboard; sourceTree = "<group>"; };
		0237DC5E223F77E300C9811E /* Info.plist */ = {isa = PBXFileReference; lastKnownFileType = text.plist.xml; path = Info.plist; sourceTree = "<group>"; };
		0237DC5F223F77E300C9811E /* SysInfoDemo_macOS.entitlements */ = {isa = PBXFileReference; lastKnownFileType = text.plist.entitlements; path = SysInfoDemo_macOS.entitlements; sourceTree = "<group>"; };
		0237DC64223F77E400C9811E /* SysInfoDemo-macOSTests.xctest */ = {isa = PBXFileReference; explicitFileType = wrapper.cfbundle; includeInIndex = 0; path = "SysInfoDemo-macOSTests.xctest"; sourceTree = BUILT_PRODUCTS_DIR; };
		0237DC68223F77E400C9811E /* SysInfoDemo_macOSTests.swift */ = {isa = PBXFileReference; lastKnownFileType = sourcecode.swift; path = SysInfoDemo_macOSTests.swift; sourceTree = "<group>"; };
		0237DC6A223F77E400C9811E /* Info.plist */ = {isa = PBXFileReference; lastKnownFileType = text.plist.xml; path = Info.plist; sourceTree = "<group>"; };
		063DEE25477CCC8613B3EC9B /* Pods_SysInfoDemo_macOS.framework */ = {isa = PBXFileReference; explicitFileType = wrapper.framework; includeInIndex = 0; path = Pods_SysInfoDemo_macOS.framework; sourceTree = BUILT_PRODUCTS_DIR; };
		2FA5292449E3E7133FCF4CC8 /* Pods-SysInfoDemo-macOS.release.xcconfig */ = {isa = PBXFileReference; includeInIndex = 1; lastKnownFileType = text.xcconfig; name = "Pods-SysInfoDemo-macOS.release.xcconfig"; path = "Target Support Files/Pods-SysInfoDemo-macOS/Pods-SysInfoDemo-macOS.release.xcconfig"; sourceTree = "<group>"; };
		7AA34C32D7E1DF70E49DAE8A /* Pods-SysInfoDemo-macOS.debug.xcconfig */ = {isa = PBXFileReference; includeInIndex = 1; lastKnownFileType = text.xcconfig; name = "Pods-SysInfoDemo-macOS.debug.xcconfig"; path = "Target Support Files/Pods-SysInfoDemo-macOS/Pods-SysInfoDemo-macOS.debug.xcconfig"; sourceTree = "<group>"; };
/* End PBXFileReference section */

/* Begin PBXFrameworksBuildPhase section */
		0237DC4F223F77E200C9811E /* Frameworks */ = {
			isa = PBXFrameworksBuildPhase;
			buildActionMask = 2147483647;
			files = (
				E8089EA714BB8303A3B67891 /* Pods_SysInfoDemo_macOS.framework in Frameworks */,
			);
			runOnlyForDeploymentPostprocessing = 0;
		};
		0237DC61223F77E400C9811E /* Frameworks */ = {
			isa = PBXFrameworksBuildPhase;
			buildActionMask = 2147483647;
			files = (
			);
			runOnlyForDeploymentPostprocessing = 0;
		};
/* End PBXFrameworksBuildPhase section */

/* Begin PBXGroup section */
		0237DC49223F77E200C9811E = {
			isa = PBXGroup;
			children = (
				0237DC54223F77E200C9811E /* SysInfoDemo-macOS */,
				0237DC67223F77E400C9811E /* SysInfoDemo-macOSTests */,
				0237DC53223F77E200C9811E /* Products */,
				0EE56C21CBDA8EC55E6D7771 /* Pods */,
				507297C4A43A3EF2FA225488 /* Frameworks */,
			);
			sourceTree = "<group>";
		};
		0237DC53223F77E200C9811E /* Products */ = {
			isa = PBXGroup;
			children = (
				0237DC52223F77E200C9811E /* SysInfoDemo-macOS.app */,
				0237DC64223F77E400C9811E /* SysInfoDemo-macOSTests.xctest */,
			);
			name = Products;
			sourceTree = "<group>";
		};
		0237DC54223F77E200C9811E /* SysInfoDemo-macOS */ = {
			isa = PBXGroup;
			children = (
				0237DC55223F77E200C9811E /* AppDelegate.swift */,
				0237DC57223F77E200C9811E /* ViewController.swift */,
				0237DC59223F77E300C9811E /* Assets.xcassets */,
				0237DC5B223F77E300C9811E /* Main.storyboard */,
				0237DC5E223F77E300C9811E /* Info.plist */,
				0237DC5F223F77E300C9811E /* SysInfoDemo_macOS.entitlements */,
			);
			path = "SysInfoDemo-macOS";
			sourceTree = "<group>";
		};
		0237DC67223F77E400C9811E /* SysInfoDemo-macOSTests */ = {
			isa = PBXGroup;
			children = (
				0237DC68223F77E400C9811E /* SysInfoDemo_macOSTests.swift */,
				0237DC6A223F77E400C9811E /* Info.plist */,
			);
			path = "SysInfoDemo-macOSTests";
			sourceTree = "<group>";
		};
		0EE56C21CBDA8EC55E6D7771 /* Pods */ = {
			isa = PBXGroup;
			children = (
				7AA34C32D7E1DF70E49DAE8A /* Pods-SysInfoDemo-macOS.debug.xcconfig */,
				2FA5292449E3E7133FCF4CC8 /* Pods-SysInfoDemo-macOS.release.xcconfig */,
			);
			name = Pods;
			path = Pods;
			sourceTree = "<group>";
		};
		507297C4A43A3EF2FA225488 /* Frameworks */ = {
			isa = PBXGroup;
			children = (
				063DEE25477CCC8613B3EC9B /* Pods_SysInfoDemo_macOS.framework */,
			);
			name = Frameworks;
			sourceTree = "<group>";
		};
/* End PBXGroup section */

/* Begin PBXNativeTarget section */
		0237DC51223F77E200C9811E /* SysInfoDemo-macOS */ = {
			isa = PBXNativeTarget;
			buildConfigurationList = 0237DC6D223F77E400C9811E /* Build configuration list for PBXNativeTarget "SysInfoDemo-macOS" */;
			buildPhases = (
				52861C0B93C5E4CAC9C941EE /* [CP] Check Pods Manifest.lock */,
				0237DC4E223F77E200C9811E /* Sources */,
				0237DC4F223F77E200C9811E /* Frameworks */,
				0237DC50223F77E200C9811E /* Resources */,
				00FC117E48826B708FDCC52D /* [CP] Embed Pods Frameworks */,
			);
			buildRules = (
			);
			dependencies = (
			);
			name = "SysInfoDemo-macOS";
			productName = "SysInfoDemo-macOS";
			productReference = 0237DC52223F77E200C9811E /* SysInfoDemo-macOS.app */;
			productType = "com.apple.product-type.application";
		};
		0237DC63223F77E400C9811E /* SysInfoDemo-macOSTests */ = {
			isa = PBXNativeTarget;
			buildConfigurationList = 0237DC70223F77E400C9811E /* Build configuration list for PBXNativeTarget "SysInfoDemo-macOSTests" */;
			buildPhases = (
				0237DC60223F77E400C9811E /* Sources */,
				0237DC61223F77E400C9811E /* Frameworks */,
				0237DC62223F77E400C9811E /* Resources */,
			);
			buildRules = (
			);
			dependencies = (
				0237DC66223F77E400C9811E /* PBXTargetDependency */,
			);
			name = "SysInfoDemo-macOSTests";
			productName = "SysInfoDemo-macOSTests";
			productReference = 0237DC64223F77E400C9811E /* SysInfoDemo-macOSTests.xctest */;
			productType = "com.apple.product-type.bundle.unit-test";
		};
/* End PBXNativeTarget section */

/* Begin PBXProject section */
		0237DC4A223F77E200C9811E /* Project object */ = {
			isa = PBXProject;
			attributes = {
				LastSwiftUpdateCheck = 1010;
				LastUpgradeCheck = 1010;
				ORGANIZATIONNAME = "SysInfoDemo-macOS";
				TargetAttributes = {
					0237DC51223F77E200C9811E = {
						CreatedOnToolsVersion = 10.1;
					};
					0237DC63223F77E400C9811E = {
						CreatedOnToolsVersion = 10.1;
						TestTargetID = 0237DC51223F77E200C9811E;
					};
				};
			};
			buildConfigurationList = 0237DC4D223F77E200C9811E /* Build configuration list for PBXProject "SysInfoDemo-macOS" */;
			compatibilityVersion = "Xcode 9.3";
			developmentRegion = en;
			hasScannedForEncodings = 0;
			knownRegions = (
				en,
				Base,
			);
			mainGroup = 0237DC49223F77E200C9811E;
			productRefGroup = 0237DC53223F77E200C9811E /* Products */;
			projectDirPath = "";
			projectRoot = "";
			targets = (
				0237DC51223F77E200C9811E /* SysInfoDemo-macOS */,
				0237DC63223F77E400C9811E /* SysInfoDemo-macOSTests */,
			);
		};
/* End PBXProject section */

/* Begin PBXResourcesBuildPhase section */
		0237DC50223F77E200C9811E /* Resources */ = {
			isa = PBXResourcesBuildPhase;
			buildActionMask = 2147483647;
			files = (
				0237DC5A223F77E300C9811E /* Assets.xcassets in Resources */,
				0237DC5D223F77E300C9811E /* Main.storyboard in Resources */,
			);
			runOnlyForDeploymentPostprocessing = 0;
		};
		0237DC62223F77E400C9811E /* Resources */ = {
			isa = PBXResourcesBuildPhase;
			buildActionMask = 2147483647;
			files = (
			);
			runOnlyForDeploymentPostprocessing = 0;
		};
/* End PBXResourcesBuildPhase section */

/* Begin PBXShellScriptBuildPhase section */
		00FC117E48826B708FDCC52D /* [CP] Embed Pods Frameworks */ = {
			isa = PBXShellScriptBuildPhase;
			buildActionMask = 2147483647;
			files = (
			);
			inputFileListPaths = (
			);
			inputPaths = (
				"${PODS_ROOT}/Target Support Files/Pods-SysInfoDemo-macOS/Pods-SysInfoDemo-macOS-frameworks.sh",
				"${BUILT_PRODUCTS_DIR}/SysInfo/SysInfo.framework",
			);
			name = "[CP] Embed Pods Frameworks";
			outputFileListPaths = (
			);
			outputPaths = (
				"${TARGET_BUILD_DIR}/${FRAMEWORKS_FOLDER_PATH}/SysInfo.framework",
			);
			runOnlyForDeploymentPostprocessing = 0;
			shellPath = /bin/sh;
			shellScript = "\"${PODS_ROOT}/Target Support Files/Pods-SysInfoDemo-macOS/Pods-SysInfoDemo-macOS-frameworks.sh\"\n";
			showEnvVarsInLog = 0;
		};
		52861C0B93C5E4CAC9C941EE /* [CP] Check Pods Manifest.lock */ = {
			isa = PBXShellScriptBuildPhase;
			buildActionMask = 2147483647;
			files = (
			);
			inputFileListPaths = (
			);
			inputPaths = (
				"${PODS_PODFILE_DIR_PATH}/Podfile.lock",
				"${PODS_ROOT}/Manifest.lock",
			);
			name = "[CP] Check Pods Manifest.lock";
			outputFileListPaths = (
			);
			outputPaths = (
				"$(DERIVED_FILE_DIR)/Pods-SysInfoDemo-macOS-checkManifestLockResult.txt",
			);
			runOnlyForDeploymentPostprocessing = 0;
			shellPath = /bin/sh;
			shellScript = "diff \"${PODS_PODFILE_DIR_PATH}/Podfile.lock\" \"${PODS_ROOT}/Manifest.lock\" > /dev/null\nif [ $? != 0 ] ; then\n    # print error to STDERR\n    echo \"error: The sandbox is not in sync with the Podfile.lock. Run 'pod install' or update your CocoaPods installation.\" >&2\n    exit 1\nfi\n# This output is used by Xcode 'outputs' to avoid re-running this script phase.\necho \"SUCCESS\" > \"${SCRIPT_OUTPUT_FILE_0}\"\n";
			showEnvVarsInLog = 0;
		};
/* End PBXShellScriptBuildPhase section */

/* Begin PBXSourcesBuildPhase section */
		0237DC4E223F77E200C9811E /* Sources */ = {
			isa = PBXSourcesBuildPhase;
			buildActionMask = 2147483647;
			files = (
				0237DC58223F77E200C9811E /* ViewController.swift in Sources */,
				0237DC56223F77E200C9811E /* AppDelegate.swift in Sources */,
			);
			runOnlyForDeploymentPostprocessing = 0;
		};
		0237DC60223F77E400C9811E /* Sources */ = {
			isa = PBXSourcesBuildPhase;
			buildActionMask = 2147483647;
			files = (
				0237DC69223F77E400C9811E /* SysInfoDemo_macOSTests.swift in Sources */,
			);
			runOnlyForDeploymentPostprocessing = 0;
		};
/* End PBXSourcesBuildPhase section */

/* Begin PBXTargetDependency section */
		0237DC66223F77E400C9811E /* PBXTargetDependency */ = {
			isa = PBXTargetDependency;
			target = 0237DC51223F77E200C9811E /* SysInfoDemo-macOS */;
			targetProxy = 0237DC65223F77E400C9811E /* PBXContainerItemProxy */;
		};
/* End PBXTargetDependency section */

/* Begin PBXVariantGroup section */
		0237DC5B223F77E300C9811E /* Main.storyboard */ = {
			isa = PBXVariantGroup;
			children = (
				0237DC5C223F77E300C9811E /* Base */,
			);
			name = Main.storyboard;
			sourceTree = "<group>";
		};
/* End PBXVariantGroup section */

/* Begin XCBuildConfiguration section */
		0237DC6B223F77E400C9811E /* Debug */ = {
			isa = XCBuildConfiguration;
			buildSettings = {
				ALWAYS_SEARCH_USER_PATHS = NO;
				CLANG_ANALYZER_NONNULL = YES;
				CLANG_ANALYZER_NUMBER_OBJECT_CONVERSION = YES_AGGRESSIVE;
				CLANG_CXX_LANGUAGE_STANDARD = "gnu++14";
				CLANG_CXX_LIBRARY = "libc++";
				CLANG_ENABLE_MODULES = YES;
				CLANG_ENABLE_OBJC_ARC = YES;
				CLANG_ENABLE_OBJC_WEAK = YES;
				CLANG_WARN_BLOCK_CAPTURE_AUTORELEASING = YES;
				CLANG_WARN_BOOL_CONVERSION = YES;
				CLANG_WARN_COMMA = YES;
				CLANG_WARN_CONSTANT_CONVERSION = YES;
				CLANG_WARN_DEPRECATED_OBJC_IMPLEMENTATIONS = YES;
				CLANG_WARN_DIRECT_OBJC_ISA_USAGE = YES_ERROR;
				CLANG_WARN_DOCUMENTATION_COMMENTS = YES;
				CLANG_WARN_EMPTY_BODY = YES;
				CLANG_WARN_ENUM_CONVERSION = YES;
				CLANG_WARN_INFINITE_RECURSION = YES;
				CLANG_WARN_INT_CONVERSION = YES;
				CLANG_WARN_NON_LITERAL_NULL_CONVERSION = YES;
				CLANG_WARN_OBJC_IMPLICIT_RETAIN_SELF = YES;
				CLANG_WARN_OBJC_LITERAL_CONVERSION = YES;
				CLANG_WARN_OBJC_ROOT_CLASS = YES_ERROR;
				CLANG_WARN_RANGE_LOOP_ANALYSIS = YES;
				CLANG_WARN_STRICT_PROTOTYPES = YES;
				CLANG_WARN_SUSPICIOUS_MOVE = YES;
				CLANG_WARN_UNGUARDED_AVAILABILITY = YES_AGGRESSIVE;
				CLANG_WARN_UNREACHABLE_CODE = YES;
				CLANG_WARN__DUPLICATE_METHOD_MATCH = YES;
				CODE_SIGN_IDENTITY = "-";
				COPY_PHASE_STRIP = NO;
				DEBUG_INFORMATION_FORMAT = dwarf;
				ENABLE_STRICT_OBJC_MSGSEND = YES;
				ENABLE_TESTABILITY = YES;
				GCC_C_LANGUAGE_STANDARD = gnu11;
				GCC_DYNAMIC_NO_PIC = NO;
				GCC_NO_COMMON_BLOCKS = YES;
				GCC_OPTIMIZATION_LEVEL = 0;
				GCC_PREPROCESSOR_DEFINITIONS = (
					"DEBUG=1",
					"$(inherited)",
				);
				GCC_WARN_64_TO_32_BIT_CONVERSION = YES;
				GCC_WARN_ABOUT_RETURN_TYPE = YES_ERROR;
				GCC_WARN_UNDECLARED_SELECTOR = YES;
				GCC_WARN_UNINITIALIZED_AUTOS = YES_AGGRESSIVE;
				GCC_WARN_UNUSED_FUNCTION = YES;
				GCC_WARN_UNUSED_VARIABLE = YES;
				MACOSX_DEPLOYMENT_TARGET = 10.12;
				MTL_ENABLE_DEBUG_INFO = INCLUDE_SOURCE;
				MTL_FAST_MATH = YES;
				ONLY_ACTIVE_ARCH = YES;
				SDKROOT = macosx;
				SWIFT_ACTIVE_COMPILATION_CONDITIONS = DEBUG;
				SWIFT_OPTIMIZATION_LEVEL = "-Onone";
			};
			name = Debug;
		};
		0237DC6C223F77E400C9811E /* Release */ = {
			isa = XCBuildConfiguration;
			buildSettings = {
				ALWAYS_SEARCH_USER_PATHS = NO;
				CLANG_ANALYZER_NONNULL = YES;
				CLANG_ANALYZER_NUMBER_OBJECT_CONVERSION = YES_AGGRESSIVE;
				CLANG_CXX_LANGUAGE_STANDARD = "gnu++14";
				CLANG_CXX_LIBRARY = "libc++";
				CLANG_ENABLE_MODULES = YES;
				CLANG_ENABLE_OBJC_ARC = YES;
				CLANG_ENABLE_OBJC_WEAK = YES;
				CLANG_WARN_BLOCK_CAPTURE_AUTORELEASING = YES;
				CLANG_WARN_BOOL_CONVERSION = YES;
				CLANG_WARN_COMMA = YES;
				CLANG_WARN_CONSTANT_CONVERSION = YES;
				CLANG_WARN_DEPRECATED_OBJC_IMPLEMENTATIONS = YES;
				CLANG_WARN_DIRECT_OBJC_ISA_USAGE = YES_ERROR;
				CLANG_WARN_DOCUMENTATION_COMMENTS = YES;
				CLANG_WARN_EMPTY_BODY = YES;
				CLANG_WARN_ENUM_CONVERSION = YES;
				CLANG_WARN_INFINITE_RECURSION = YES;
				CLANG_WARN_INT_CONVERSION = YES;
				CLANG_WARN_NON_LITERAL_NULL_CONVERSION = YES;
				CLANG_WARN_OBJC_IMPLICIT_RETAIN_SELF = YES;
				CLANG_WARN_OBJC_LITERAL_CONVERSION = YES;
				CLANG_WARN_OBJC_ROOT_CLASS = YES_ERROR;
				CLANG_WARN_RANGE_LOOP_ANALYSIS = YES;
				CLANG_WARN_STRICT_PROTOTYPES = YES;
				CLANG_WARN_SUSPICIOUS_MOVE = YES;
				CLANG_WARN_UNGUARDED_AVAILABILITY = YES_AGGRESSIVE;
				CLANG_WARN_UNREACHABLE_CODE = YES;
				CLANG_WARN__DUPLICATE_METHOD_MATCH = YES;
				CODE_SIGN_IDENTITY = "-";
				COPY_PHASE_STRIP = NO;
				DEBUG_INFORMATION_FORMAT = "dwarf-with-dsym";
				ENABLE_NS_ASSERTIONS = NO;
				ENABLE_STRICT_OBJC_MSGSEND = YES;
				GCC_C_LANGUAGE_STANDARD = gnu11;
				GCC_NO_COMMON_BLOCKS = YES;
				GCC_WARN_64_TO_32_BIT_CONVERSION = YES;
				GCC_WARN_ABOUT_RETURN_TYPE = YES_ERROR;
				GCC_WARN_UNDECLARED_SELECTOR = YES;
				GCC_WARN_UNINITIALIZED_AUTOS = YES_AGGRESSIVE;
				GCC_WARN_UNUSED_FUNCTION = YES;
				GCC_WARN_UNUSED_VARIABLE = YES;
				MACOSX_DEPLOYMENT_TARGET = 10.12;
				MTL_ENABLE_DEBUG_INFO = NO;
				MTL_FAST_MATH = YES;
				SDKROOT = macosx;
				SWIFT_COMPILATION_MODE = wholemodule;
				SWIFT_OPTIMIZATION_LEVEL = "-O";
			};
			name = Release;
		};
		0237DC6E223F77E400C9811E /* Debug */ = {
			isa = XCBuildConfiguration;
			baseConfigurationReference = 7AA34C32D7E1DF70E49DAE8A /* Pods-SysInfoDemo-macOS.debug.xcconfig */;
			buildSettings = {
				ASSETCATALOG_COMPILER_APPICON_NAME = AppIcon;
				CODE_SIGN_ENTITLEMENTS = "SysInfoDemo-macOS/SysInfoDemo_macOS.entitlements";
				CODE_SIGN_STYLE = Automatic;
				COMBINE_HIDPI_IMAGES = YES;
				INFOPLIST_FILE = "SysInfoDemo-macOS/Info.plist";
				LD_RUNPATH_SEARCH_PATHS = (
					"$(inherited)",
					"@executable_path/../Frameworks",
				);
				PRODUCT_BUNDLE_IDENTIFIER = "com.SysInfoDemo-macOS.SysInfoDemo-macOS";
				PRODUCT_NAME = "$(TARGET_NAME)";
				SWIFT_VERSION = 4.2;
			};
			name = Debug;
		};
		0237DC6F223F77E400C9811E /* Release */ = {
			isa = XCBuildConfiguration;
			baseConfigurationReference = 2FA5292449E3E7133FCF4CC8 /* Pods-SysInfoDemo-macOS.release.xcconfig */;
			buildSettings = {
				ASSETCATALOG_COMPILER_APPICON_NAME = AppIcon;
				CODE_SIGN_ENTITLEMENTS = "SysInfoDemo-macOS/SysInfoDemo_macOS.entitlements";
				CODE_SIGN_STYLE = Automatic;
				COMBINE_HIDPI_IMAGES = YES;
				INFOPLIST_FILE = "SysInfoDemo-macOS/Info.plist";
				LD_RUNPATH_SEARCH_PATHS = (
					"$(inherited)",
					"@executable_path/../Frameworks",
				);
				PRODUCT_BUNDLE_IDENTIFIER = "com.SysInfoDemo-macOS.SysInfoDemo-macOS";
				PRODUCT_NAME = "$(TARGET_NAME)";
				SWIFT_VERSION = 4.2;
			};
			name = Release;
		};
		0237DC71223F77E400C9811E /* Debug */ = {
			isa = XCBuildConfiguration;
			buildSettings = {
				ALWAYS_EMBED_SWIFT_STANDARD_LIBRARIES = YES;
				BUNDLE_LOADER = "$(TEST_HOST)";
				CODE_SIGN_STYLE = Automatic;
				COMBINE_HIDPI_IMAGES = YES;
				INFOPLIST_FILE = "SysInfoDemo-macOSTests/Info.plist";
				LD_RUNPATH_SEARCH_PATHS = (
					"$(inherited)",
					"@executable_path/../Frameworks",
					"@loader_path/../Frameworks",
				);
				PRODUCT_BUNDLE_IDENTIFIER = "com.SysInfoDemo-macOS.SysInfoDemo-macOSTests";
				PRODUCT_NAME = "$(TARGET_NAME)";
				SWIFT_VERSION = 4.2;
				TEST_HOST = "$(BUILT_PRODUCTS_DIR)/SysInfoDemo-macOS.app/Contents/MacOS/SysInfoDemo-macOS";
			};
			name = Debug;
		};
		0237DC72223F77E400C9811E /* Release */ = {
			isa = XCBuildConfiguration;
			buildSettings = {
				ALWAYS_EMBED_SWIFT_STANDARD_LIBRARIES = YES;
				BUNDLE_LOADER = "$(TEST_HOST)";
				CODE_SIGN_STYLE = Automatic;
				COMBINE_HIDPI_IMAGES = YES;
				INFOPLIST_FILE = "SysInfoDemo-macOSTests/Info.plist";
				LD_RUNPATH_SEARCH_PATHS = (
					"$(inherited)",
					"@executable_path/../Frameworks",
					"@loader_path/../Frameworks",
				);
				PRODUCT_BUNDLE_IDENTIFIER = "com.SysInfoDemo-macOS.SysInfoDemo-macOSTests";
				PRODUCT_NAME = "$(TARGET_NAME)";
				SWIFT_VERSION = 4.2;
				TEST_HOST = "$(BUILT_PRODUCTS_DIR)/SysInfoDemo-macOS.app/Contents/MacOS/SysInfoDemo-macOS";
			};
			name = Release;
		};
/* End XCBuildConfiguration section */

/* Begin XCConfigurationList section */
		0237DC4D223F77E200C9811E /* Build configuration list for PBXProject "SysInfoDemo-macOS" */ = {
			isa = XCConfigurationList;
			buildConfigurations = (
				0237DC6B223F77E400C9811E /* Debug */,
				0237DC6C223F77E400C9811E /* Release */,
			);
			defaultConfigurationIsVisible = 0;
			defaultConfigurationName = Release;
		};
		0237DC6D223F77E400C9811E /* Build configuration list for PBXNativeTarget "SysInfoDemo-macOS" */ = {
			isa = XCConfigurationList;
			buildConfigurations = (
				0237DC6E223F77E400C9811E /* Debug */,
				0237DC6F223F77E400C9811E /* Release */,
			);
			defaultConfigurationIsVisible = 0;
			defaultConfigurationName = Release;
		};
		0237DC70223F77E400C9811E /* Build configuration list for PBXNativeTarget "SysInfoDemo-macOSTests" */ = {
			isa = XCConfigurationList;
			buildConfigurations = (
				0237DC71223F77E400C9811E /* Debug */,
				0237DC72223F77E400C9811E /* Release */,
			);
			defaultConfigurationIsVisible = 0;
			defaultConfigurationName = Release;
		};
/* End XCConfigurationList section */
	};
	rootObject = 0237DC4A223F77E200C9811E /* Project object */;
}
