PODS:
  - Baconian (1.0.5):
    - Mach-Swift
  - Mach-Swift (1.0.3)

DEPENDENCIES:
  - Baconian (from `../../`)

SPEC REPOS:
  https://github.com/cocoapods/specs.git:
    - Mach-Swift

EXTERNAL SOURCES:
  Baconian:
    :path: "../../"

SPEC CHECKSUMS:
  Baconian: 5c382008a9419b4bfd1f88f22a8429aa632fd274
  Mach-Swift: 2b61fe6dda30ec6204d729636b98885839f141de

PODFILE CHECKSUM: f03acdb93676573bbe1afe104d62f929fdf0575f

COCOAPODS: 1.6.1
