PODS:
  - Baconian (1.1.0):
    - Mach-Swift
  - Mach-Swift (1.1.0)

DEPENDENCIES:
  - Baconian (from `../../`)

SPEC REPOS:
  trunk:
    - Mach-Swift

EXTERNAL SOURCES:
  Baconian:
    :path: "../../"

SPEC CHECKSUMS:
  Baconian: e5e14685cac9c23095995d22d4e808d5c2dd61cc
  Mach-Swift: 785b3309e839ff30771d286350435b37dc992eb2

PODFILE CHECKSUM: f03acdb93676573bbe1afe104d62f929fdf0575f

COCOAPODS: 1.9.1
