// !$*UTF8*$!
{
	archiveVersion = 1;
	classes = {
	};
	objectVersion = 50;
	objects = {

/* Begin PBXBuildFile section */
		02185B28225B3AD600B34485 /* AppDelegate.swift in Sources */ = {isa = PBXBuildFile; fileRef = 02185B27225B3AD600B34485 /* AppDelegate.swift */; };
		02185B2D225B3AD600B34485 /* Main.storyboard in Resources */ = {isa = PBXBuildFile; fileRef = 02185B2B225B3AD600B34485 /* Main.storyboard */; };
		02185B2F225B3AD700B34485 /* Assets.xcassets in Resources */ = {isa = PBXBuildFile; fileRef = 02185B2E225B3AD700B34485 /* Assets.xcassets */; };
		02185B32225B3AD700B34485 /* LaunchScreen.storyboard in Resources */ = {isa = PBXBuildFile; fileRef = 02185B30225B3AD700B34485 /* LaunchScreen.storyboard */; };
		02185B5A225B3D7300B34485 /* ViewController.swift in Sources */ = {isa = PBXBuildFile; fileRef = 02185B58225B3D7300B34485 /* ViewController.swift */; };
		02185B5B225B3D7300B34485 /* StressUtility.swift in Sources */ = {isa = PBXBuildFile; fileRef = 02185B59225B3D7300B34485 /* StressUtility.swift */; };
		738BACD8060A322734869ED3 /* Pods_BaconianDemo_iOS.framework in Frameworks */ = {isa = PBXBuildFile; fileRef = 5B0B76D9363115161A01096B /* Pods_BaconianDemo_iOS.framework */; };
/* End PBXBuildFile section */

/* Begin PBXFileReference section */
		02185B24225B3AD600B34485 /* BaconianDemo-iOS.app */ = {isa = PBXFileReference; explicitFileType = wrapper.application; includeInIndex = 0; path = "BaconianDemo-iOS.app"; sourceTree = BUILT_PRODUCTS_DIR; };
		02185B27225B3AD600B34485 /* AppDelegate.swift */ = {isa = PBXFileReference; lastKnownFileType = sourcecode.swift; path = AppDelegate.swift; sourceTree = "<group>"; };
		02185B2C225B3AD600B34485 /* Base */ = {isa = PBXFileReference; lastKnownFileType = file.storyboard; name = Base; path = Base.lproj/Main.storyboard; sourceTree = "<group>"; };
		02185B2E225B3AD700B34485 /* Assets.xcassets */ = {isa = PBXFileReference; lastKnownFileType = folder.assetcatalog; path = Assets.xcassets; sourceTree = "<group>"; };
		02185B31225B3AD700B34485 /* Base */ = {isa = PBXFileReference; lastKnownFileType = file.storyboard; name = Base; path = Base.lproj/LaunchScreen.storyboard; sourceTree = "<group>"; };
		02185B33225B3AD700B34485 /* Info.plist */ = {isa = PBXFileReference; lastKnownFileType = text.plist.xml; path = Info.plist; sourceTree = "<group>"; };
		02185B58225B3D7300B34485 /* ViewController.swift */ = {isa = PBXFileReference; fileEncoding = 4; lastKnownFileType = sourcecode.swift; path = ViewController.swift; sourceTree = "<group>"; };
		02185B59225B3D7300B34485 /* StressUtility.swift */ = {isa = PBXFileReference; fileEncoding = 4; lastKnownFileType = sourcecode.swift; path = StressUtility.swift; sourceTree = "<group>"; };
		2D9AC578852249C939F4CAEA /* Pods-BaconianDemo-iOS.release.xcconfig */ = {isa = PBXFileReference; includeInIndex = 1; lastKnownFileType = text.xcconfig; name = "Pods-BaconianDemo-iOS.release.xcconfig"; path = "Target Support Files/Pods-BaconianDemo-iOS/Pods-BaconianDemo-iOS.release.xcconfig"; sourceTree = "<group>"; };
		5B0B76D9363115161A01096B /* Pods_BaconianDemo_iOS.framework */ = {isa = PBXFileReference; explicitFileType = wrapper.framework; includeInIndex = 0; path = Pods_BaconianDemo_iOS.framework; sourceTree = BUILT_PRODUCTS_DIR; };
		87306C0C46A89DAE036D805F /* Pods-BaconianDemo-iOS.debug.xcconfig */ = {isa = PBXFileReference; includeInIndex = 1; lastKnownFileType = text.xcconfig; name = "Pods-BaconianDemo-iOS.debug.xcconfig"; path = "Target Support Files/Pods-BaconianDemo-iOS/Pods-BaconianDemo-iOS.debug.xcconfig"; sourceTree = "<group>"; };
/* End PBXFileReference section */

/* Begin PBXFrameworksBuildPhase section */
		02185B21225B3AD600B34485 /* Frameworks */ = {
			isa = PBXFrameworksBuildPhase;
			buildActionMask = 2147483647;
			files = (
				738BACD8060A322734869ED3 /* Pods_BaconianDemo_iOS.framework in Frameworks */,
			);
			runOnlyForDeploymentPostprocessing = 0;
		};
/* End PBXFrameworksBuildPhase section */

/* Begin PBXGroup section */
		02185B1B225B3AD600B34485 = {
			isa = PBXGroup;
			children = (
				02185B57225B3D7300B34485 /* Common */,
				02185B26225B3AD600B34485 /* BaconianDemo-iOS */,
				02185B25225B3AD600B34485 /* Products */,
				1D2F2A5F6B50200D2A1FC3A6 /* Pods */,
				3977ADCD629D7440B66B0CCE /* Frameworks */,
			);
			sourceTree = "<group>";
		};
		02185B25225B3AD600B34485 /* Products */ = {
			isa = PBXGroup;
			children = (
				02185B24225B3AD600B34485 /* BaconianDemo-iOS.app */,
			);
			name = Products;
			sourceTree = "<group>";
		};
		02185B26225B3AD600B34485 /* BaconianDemo-iOS */ = {
			isa = PBXGroup;
			children = (
				02185B27225B3AD600B34485 /* AppDelegate.swift */,
				02185B2B225B3AD600B34485 /* Main.storyboard */,
				02185B2E225B3AD700B34485 /* Assets.xcassets */,
				02185B30225B3AD700B34485 /* LaunchScreen.storyboard */,
				02185B33225B3AD700B34485 /* Info.plist */,
			);
			path = "BaconianDemo-iOS";
			sourceTree = "<group>";
		};
		02185B57225B3D7300B34485 /* Common */ = {
			isa = PBXGroup;
			children = (
				02185B58225B3D7300B34485 /* ViewController.swift */,
				02185B59225B3D7300B34485 /* StressUtility.swift */,
			);
			name = Common;
			path = ../Common;
			sourceTree = "<group>";
		};
		1D2F2A5F6B50200D2A1FC3A6 /* Pods */ = {
			isa = PBXGroup;
			children = (
				87306C0C46A89DAE036D805F /* Pods-BaconianDemo-iOS.debug.xcconfig */,
				2D9AC578852249C939F4CAEA /* Pods-BaconianDemo-iOS.release.xcconfig */,
			);
			path = Pods;
			sourceTree = "<group>";
		};
		3977ADCD629D7440B66B0CCE /* Frameworks */ = {
			isa = PBXGroup;
			children = (
				5B0B76D9363115161A01096B /* Pods_BaconianDemo_iOS.framework */,
			);
			name = Frameworks;
			sourceTree = "<group>";
		};
/* End PBXGroup section */

/* Begin PBXNativeTarget section */
		02185B23225B3AD600B34485 /* BaconianDemo-iOS */ = {
			isa = PBXNativeTarget;
			buildConfigurationList = 02185B36225B3AD700B34485 /* Build configuration list for PBXNativeTarget "BaconianDemo-iOS" */;
			buildPhases = (
				6FA206BF7B233593A8B1609E /* [CP] Check Pods Manifest.lock */,
				02185B20225B3AD600B34485 /* Sources */,
				02185B21225B3AD600B34485 /* Frameworks */,
				02185B22225B3AD600B34485 /* Resources */,
				29202BA4670FD235169A3D23 /* [CP] Embed Pods Frameworks */,
			);
			buildRules = (
			);
			dependencies = (
			);
			name = "BaconianDemo-iOS";
			productName = "BaconianDemo-iOS";
			productReference = 02185B24225B3AD600B34485 /* BaconianDemo-iOS.app */;
			productType = "com.apple.product-type.application";
		};
/* End PBXNativeTarget section */

/* Begin PBXProject section */
		02185B1C225B3AD600B34485 /* Project object */ = {
			isa = PBXProject;
			attributes = {
				LastSwiftUpdateCheck = 1020;
				LastUpgradeCheck = 1020;
				ORGANIZATIONNAME = "BaconianDemo-iOS";
				TargetAttributes = {
					02185B23225B3AD600B34485 = {
						CreatedOnToolsVersion = 10.2;
					};
				};
			};
			buildConfigurationList = 02185B1F225B3AD600B34485 /* Build configuration list for PBXProject "BaconianDemo-iOS" */;
			compatibilityVersion = "Xcode 9.3";
			developmentRegion = en;
			hasScannedForEncodings = 0;
			knownRegions = (
				en,
				Base,
			);
			mainGroup = 02185B1B225B3AD600B34485;
			productRefGroup = 02185B25225B3AD600B34485 /* Products */;
			projectDirPath = "";
			projectRoot = "";
			targets = (
				02185B23225B3AD600B34485 /* BaconianDemo-iOS */,
			);
		};
/* End PBXProject section */

/* Begin PBXResourcesBuildPhase section */
		02185B22225B3AD600B34485 /* Resources */ = {
			isa = PBXResourcesBuildPhase;
			buildActionMask = 2147483647;
			files = (
				02185B32225B3AD700B34485 /* LaunchScreen.storyboard in Resources */,
				02185B2F225B3AD700B34485 /* Assets.xcassets in Resources */,
				02185B2D225B3AD600B34485 /* Main.storyboard in Resources */,
			);
			runOnlyForDeploymentPostprocessing = 0;
		};
/* End PBXResourcesBuildPhase section */

/* Begin PBXShellScriptBuildPhase section */
		29202BA4670FD235169A3D23 /* [CP] Embed Pods Frameworks */ = {
			isa = PBXShellScriptBuildPhase;
			buildActionMask = 2147483647;
			files = (
			);
			inputFileListPaths = (
			);
			inputPaths = (
				"${PODS_ROOT}/Target Support Files/Pods-BaconianDemo-iOS/Pods-BaconianDemo-iOS-frameworks.sh",
				"${BUILT_PRODUCTS_DIR}/Baconian/Baconian.framework",
			);
			name = "[CP] Embed Pods Frameworks";
			outputFileListPaths = (
			);
			outputPaths = (
				"${TARGET_BUILD_DIR}/${FRAMEWORKS_FOLDER_PATH}/Baconian.framework",
			);
			runOnlyForDeploymentPostprocessing = 0;
			shellPath = /bin/sh;
			shellScript = "\"${PODS_ROOT}/Target Support Files/Pods-BaconianDemo-iOS/Pods-BaconianDemo-iOS-frameworks.sh\"\n";
			showEnvVarsInLog = 0;
		};
		6FA206BF7B233593A8B1609E /* [CP] Check Pods Manifest.lock */ = {
			isa = PBXShellScriptBuildPhase;
			buildActionMask = 2147483647;
			files = (
			);
			inputFileListPaths = (
			);
			inputPaths = (
				"${PODS_PODFILE_DIR_PATH}/Podfile.lock",
				"${PODS_ROOT}/Manifest.lock",
			);
			name = "[CP] Check Pods Manifest.lock";
			outputFileListPaths = (
			);
			outputPaths = (
				"$(DERIVED_FILE_DIR)/Pods-BaconianDemo-iOS-checkManifestLockResult.txt",
			);
			runOnlyForDeploymentPostprocessing = 0;
			shellPath = /bin/sh;
			shellScript = "diff \"${PODS_PODFILE_DIR_PATH}/Podfile.lock\" \"${PODS_ROOT}/Manifest.lock\" > /dev/null\nif [ $? != 0 ] ; then\n    # print error to STDERR\n    echo \"error: The sandbox is not in sync with the Podfile.lock. Run 'pod install' or update your CocoaPods installation.\" >&2\n    exit 1\nfi\n# This output is used by Xcode 'outputs' to avoid re-running this script phase.\necho \"SUCCESS\" > \"${SCRIPT_OUTPUT_FILE_0}\"\n";
			showEnvVarsInLog = 0;
		};
/* End PBXShellScriptBuildPhase section */

/* Begin PBXSourcesBuildPhase section */
		02185B20225B3AD600B34485 /* Sources */ = {
			isa = PBXSourcesBuildPhase;
			buildActionMask = 2147483647;
			files = (
				02185B5A225B3D7300B34485 /* ViewController.swift in Sources */,
				02185B5B225B3D7300B34485 /* StressUtility.swift in Sources */,
				02185B28225B3AD600B34485 /* AppDelegate.swift in Sources */,
			);
			runOnlyForDeploymentPostprocessing = 0;
		};
/* End PBXSourcesBuildPhase section */

/* Begin PBXVariantGroup section */
		02185B2B225B3AD600B34485 /* Main.storyboard */ = {
			isa = PBXVariantGroup;
			children = (
				02185B2C225B3AD600B34485 /* Base */,
			);
			name = Main.storyboard;
			sourceTree = "<group>";
		};
		02185B30225B3AD700B34485 /* LaunchScreen.storyboard */ = {
			isa = PBXVariantGroup;
			children = (
				02185B31225B3AD700B34485 /* Base */,
			);
			name = LaunchScreen.storyboard;
			sourceTree = "<group>";
		};
/* End PBXVariantGroup section */

/* Begin XCBuildConfiguration section */
		02185B34225B3AD700B34485 /* Debug */ = {
			isa = XCBuildConfiguration;
			buildSettings = {
				ALWAYS_SEARCH_USER_PATHS = NO;
				CLANG_ANALYZER_NONNULL = YES;
				CLANG_ANALYZER_NUMBER_OBJECT_CONVERSION = YES_AGGRESSIVE;
				CLANG_CXX_LANGUAGE_STANDARD = "gnu++14";
				CLANG_CXX_LIBRARY = "libc++";
				CLANG_ENABLE_MODULES = YES;
				CLANG_ENABLE_OBJC_ARC = YES;
				CLANG_ENABLE_OBJC_WEAK = YES;
				CLANG_WARN_BLOCK_CAPTURE_AUTORELEASING = YES;
				CLANG_WARN_BOOL_CONVERSION = YES;
				CLANG_WARN_COMMA = YES;
				CLANG_WARN_CONSTANT_CONVERSION = YES;
				CLANG_WARN_DEPRECATED_OBJC_IMPLEMENTATIONS = YES;
				CLANG_WARN_DIRECT_OBJC_ISA_USAGE = YES_ERROR;
				CLANG_WARN_DOCUMENTATION_COMMENTS = YES;
				CLANG_WARN_EMPTY_BODY = YES;
				CLANG_WARN_ENUM_CONVERSION = YES;
				CLANG_WARN_INFINITE_RECURSION = YES;
				CLANG_WARN_INT_CONVERSION = YES;
				CLANG_WARN_NON_LITERAL_NULL_CONVERSION = YES;
				CLANG_WARN_OBJC_IMPLICIT_RETAIN_SELF = YES;
				CLANG_WARN_OBJC_LITERAL_CONVERSION = YES;
				CLANG_WARN_OBJC_ROOT_CLASS = YES_ERROR;
				CLANG_WARN_RANGE_LOOP_ANALYSIS = YES;
				CLANG_WARN_STRICT_PROTOTYPES = YES;
				CLANG_WARN_SUSPICIOUS_MOVE = YES;
				CLANG_WARN_UNGUARDED_AVAILABILITY = YES_AGGRESSIVE;
				CLANG_WARN_UNREACHABLE_CODE = YES;
				CLANG_WARN__DUPLICATE_METHOD_MATCH = YES;
				CODE_SIGN_IDENTITY = "iPhone Developer";
				COPY_PHASE_STRIP = NO;
				DEBUG_INFORMATION_FORMAT = dwarf;
				ENABLE_STRICT_OBJC_MSGSEND = YES;
				ENABLE_TESTABILITY = YES;
				GCC_C_LANGUAGE_STANDARD = gnu11;
				GCC_DYNAMIC_NO_PIC = NO;
				GCC_NO_COMMON_BLOCKS = YES;
				GCC_OPTIMIZATION_LEVEL = 0;
				GCC_PREPROCESSOR_DEFINITIONS = (
					"DEBUG=1",
					"$(inherited)",
				);
				GCC_WARN_64_TO_32_BIT_CONVERSION = YES;
				GCC_WARN_ABOUT_RETURN_TYPE = YES_ERROR;
				GCC_WARN_UNDECLARED_SELECTOR = YES;
				GCC_WARN_UNINITIALIZED_AUTOS = YES_AGGRESSIVE;
				GCC_WARN_UNUSED_FUNCTION = YES;
				GCC_WARN_UNUSED_VARIABLE = YES;
				IPHONEOS_DEPLOYMENT_TARGET = 10.0;
				MTL_ENABLE_DEBUG_INFO = INCLUDE_SOURCE;
				MTL_FAST_MATH = YES;
				ONLY_ACTIVE_ARCH = YES;
				SDKROOT = iphoneos;
				SWIFT_ACTIVE_COMPILATION_CONDITIONS = DEBUG;
				SWIFT_OPTIMIZATION_LEVEL = "-Onone";
			};
			name = Debug;
		};
		02185B35225B3AD700B34485 /* Release */ = {
			isa = XCBuildConfiguration;
			buildSettings = {
				ALWAYS_SEARCH_USER_PATHS = NO;
				CLANG_ANALYZER_NONNULL = YES;
				CLANG_ANALYZER_NUMBER_OBJECT_CONVERSION = YES_AGGRESSIVE;
				CLANG_CXX_LANGUAGE_STANDARD = "gnu++14";
				CLANG_CXX_LIBRARY = "libc++";
				CLANG_ENABLE_MODULES = YES;
				CLANG_ENABLE_OBJC_ARC = YES;
				CLANG_ENABLE_OBJC_WEAK = YES;
				CLANG_WARN_BLOCK_CAPTURE_AUTORELEASING = YES;
				CLANG_WARN_BOOL_CONVERSION = YES;
				CLANG_WARN_COMMA = YES;
				CLANG_WARN_CONSTANT_CONVERSION = YES;
				CLANG_WARN_DEPRECATED_OBJC_IMPLEMENTATIONS = YES;
				CLANG_WARN_DIRECT_OBJC_ISA_USAGE = YES_ERROR;
				CLANG_WARN_DOCUMENTATION_COMMENTS = YES;
				CLANG_WARN_EMPTY_BODY = YES;
				CLANG_WARN_ENUM_CONVERSION = YES;
				CLANG_WARN_INFINITE_RECURSION = YES;
				CLANG_WARN_INT_CONVERSION = YES;
				CLANG_WARN_NON_LITERAL_NULL_CONVERSION = YES;
				CLANG_WARN_OBJC_IMPLICIT_RETAIN_SELF = YES;
				CLANG_WARN_OBJC_LITERAL_CONVERSION = YES;
				CLANG_WARN_OBJC_ROOT_CLASS = YES_ERROR;
				CLANG_WARN_RANGE_LOOP_ANALYSIS = YES;
				CLANG_WARN_STRICT_PROTOTYPES = YES;
				CLANG_WARN_SUSPICIOUS_MOVE = YES;
				CLANG_WARN_UNGUARDED_AVAILABILITY = YES_AGGRESSIVE;
				CLANG_WARN_UNREACHABLE_CODE = YES;
				CLANG_WARN__DUPLICATE_METHOD_MATCH = YES;
				CODE_SIGN_IDENTITY = "iPhone Developer";
				COPY_PHASE_STRIP = NO;
				DEBUG_INFORMATION_FORMAT = "dwarf-with-dsym";
				ENABLE_NS_ASSERTIONS = NO;
				ENABLE_STRICT_OBJC_MSGSEND = YES;
				GCC_C_LANGUAGE_STANDARD = gnu11;
				GCC_NO_COMMON_BLOCKS = YES;
				GCC_WARN_64_TO_32_BIT_CONVERSION = YES;
				GCC_WARN_ABOUT_RETURN_TYPE = YES_ERROR;
				GCC_WARN_UNDECLARED_SELECTOR = YES;
				GCC_WARN_UNINITIALIZED_AUTOS = YES_AGGRESSIVE;
				GCC_WARN_UNUSED_FUNCTION = YES;
				GCC_WARN_UNUSED_VARIABLE = YES;
				IPHONEOS_DEPLOYMENT_TARGET = 10.0;
				MTL_ENABLE_DEBUG_INFO = NO;
				MTL_FAST_MATH = YES;
				SDKROOT = iphoneos;
				SWIFT_COMPILATION_MODE = wholemodule;
				SWIFT_OPTIMIZATION_LEVEL = "-O";
				VALIDATE_PRODUCT = YES;
			};
			name = Release;
		};
		02185B37225B3AD700B34485 /* Debug */ = {
			isa = XCBuildConfiguration;
			baseConfigurationReference = 87306C0C46A89DAE036D805F /* Pods-BaconianDemo-iOS.debug.xcconfig */;
			buildSettings = {
				ASSETCATALOG_COMPILER_APPICON_NAME = AppIcon;
				CODE_SIGN_STYLE = Automatic;
				INFOPLIST_FILE = "BaconianDemo-iOS/Info.plist";
				LD_RUNPATH_SEARCH_PATHS = (
					"$(inherited)",
					"@executable_path/Frameworks",
				);
				PRODUCT_BUNDLE_IDENTIFIER = "com.BaconianDemo-iOS.BaconianDemo-iOS";
				PRODUCT_NAME = "$(TARGET_NAME)";
				SWIFT_VERSION = 5.0;
				TARGETED_DEVICE_FAMILY = "1,2";
			};
			name = Debug;
		};
		02185B38225B3AD700B34485 /* Release */ = {
			isa = XCBuildConfiguration;
			baseConfigurationReference = 2D9AC578852249C939F4CAEA /* Pods-BaconianDemo-iOS.release.xcconfig */;
			buildSettings = {
				ASSETCATALOG_COMPILER_APPICON_NAME = AppIcon;
				CODE_SIGN_STYLE = Automatic;
				INFOPLIST_FILE = "BaconianDemo-iOS/Info.plist";
				LD_RUNPATH_SEARCH_PATHS = (
					"$(inherited)",
					"@executable_path/Frameworks",
				);
				PRODUCT_BUNDLE_IDENTIFIER = "com.BaconianDemo-iOS.BaconianDemo-iOS";
				PRODUCT_NAME = "$(TARGET_NAME)";
				SWIFT_VERSION = 5.0;
				TARGETED_DEVICE_FAMILY = "1,2";
			};
			name = Release;
		};
/* End XCBuildConfiguration section */

/* Begin XCConfigurationList section */
		02185B1F225B3AD600B34485 /* Build configuration list for PBXProject "BaconianDemo-iOS" */ = {
			isa = XCConfigurationList;
			buildConfigurations = (
				02185B34225B3AD700B34485 /* Debug */,
				02185B35225B3AD700B34485 /* Release */,
			);
			defaultConfigurationIsVisible = 0;
			defaultConfigurationName = Release;
		};
		02185B36225B3AD700B34485 /* Build configuration list for PBXNativeTarget "BaconianDemo-iOS" */ = {
			isa = XCConfigurationList;
			buildConfigurations = (
				02185B37225B3AD700B34485 /* Debug */,
				02185B38225B3AD700B34485 /* Release */,
			);
			defaultConfigurationIsVisible = 0;
			defaultConfigurationName = Release;
		};
/* End XCConfigurationList section */
	};
	rootObject = 02185B1C225B3AD600B34485 /* Project object */;
}
