PODS:
  - Baconian (1.0.1):
    - Mach-Swift
  - Mach-Swift (1.0.2)

DEPENDENCIES:
  - Baconian (from `../../`)

SPEC REPOS:
  https://github.com/cocoapods/specs.git:
    - Mach-Swift

EXTERNAL SOURCES:
  Baconian:
    :path: "../../"

SPEC CHECKSUMS:
  Baconian: 9be37f18fa9c0877ebbfe8356308755031aa2c89
  Mach-Swift: 66922efc52431fda0162a8177a79929a2f6d38e2

PODFILE CHECKSUM: 5fff1a2fbf5fc8be6fe2958ddc877198d66209c5

COCOAPODS: 1.6.1
