PODS:
  - Baconian (1.1.0):
    - Mach-Swift
  - Mach-Swift (1.1.0)

DEPENDENCIES:
  - Baconian (from `../../`)

SPEC REPOS:
  trunk:
    - Mach-Swift

EXTERNAL SOURCES:
  Baconian:
    :path: "../../"

SPEC CHECKSUMS:
  Baconian: e5e14685cac9c23095995d22d4e808d5c2dd61cc
  Mach-Swift: 785b3309e839ff30771d286350435b37dc992eb2

PODFILE CHECKSUM: 5fff1a2fbf5fc8be6fe2958ddc877198d66209c5

COCOAPODS: 1.10.0
